// !$*UTF8*$!
{
	archiveVersion = 1;
	classes = {
	};
	objectVersion = 56;
	objects = {

/* Begin PBXBuildFile section */
		662DB16D2A9FFBB7000BA7B5 /* CustomValidator.cpp in Sources */ = {isa = PBXBuildFile; fileRef = 662DB16B2A9FFBB7000BA7B5 /* CustomValidator.cpp */; };
		662DB1702A9FFE5F000BA7B5 /* ArgumentSetBuilder.cpp in Sources */ = {isa = PBXBuildFile; fileRef = 662DB16E2A9FFE5F000BA7B5 /* ArgumentSetBuilder.cpp */; };
		66A2626B2A9EB17C00A8DCE8 /* main.cpp in Sources */ = {isa = PBXBuildFile; fileRef = 66A2626A2A9EB17C00A8DCE8 /* main.cpp */; };
		66A262742A9F5CC100A8DCE8 /* ProtocolScanner.cpp in Sources */ = {isa = PBXBuildFile; fileRef = 66A262722A9F5CC100A8DCE8 /* ProtocolScanner.cpp */; };
		66A262772A9F5D7B00A8DCE8 /* VulnerabilityAnalyzer.cpp in Sources */ = {isa = PBXBuildFile; fileRef = 66A262752A9F5D7B00A8DCE8 /* VulnerabilityAnalyzer.cpp */; };
		66A2627E2A9F9D5200A8DCE8 /* AutomaticScanScheduler.cpp in Sources */ = {isa = PBXBuildFile; fileRef = 66A2627C2A9F9D5200A8DCE8 /* AutomaticScanScheduler.cpp */; };
/* End PBXBuildFile section */

/* Begin PBXCopyFilesBuildPhase section */
		66A262652A9EB17C00A8DCE8 /* CopyFiles */ = {
			isa = PBXCopyFilesBuildPhase;
			buildActionMask = 2147483647;
			dstPath = /usr/share/man/man1/;
			dstSubfolderSpec = 0;
			files = (
			);
			runOnlyForDeploymentPostprocessing = 1;
		};
/* End PBXCopyFilesBuildPhase section */

/* Begin PBXFileReference section */
		662DB16B2A9FFBB7000BA7B5 /* CustomValidator.cpp */ = {isa = PBXFileReference; lastKnownFileType = sourcecode.cpp.cpp; path = CustomValidator.cpp; sourceTree = "<group>"; };
		662DB16C2A9FFBB7000BA7B5 /* CustomValidator.hpp */ = {isa = PBXFileReference; lastKnownFileType = sourcecode.cpp.h; path = CustomValidator.hpp; sourceTree = "<group>"; };
		662DB16E2A9FFE5F000BA7B5 /* ArgumentSetBuilder.cpp */ = {isa = PBXFileReference; lastKnownFileType = sourcecode.cpp.cpp; path = ArgumentSetBuilder.cpp; sourceTree = "<group>"; };
		662DB16F2A9FFE5F000BA7B5 /* ArgumentSetBuilder.hpp */ = {isa = PBXFileReference; lastKnownFileType = sourcecode.cpp.h; path = ArgumentSetBuilder.hpp; sourceTree = "<group>"; };
		662DB1712AA0B800000BA7B5 /* CMakeLists.txt */ = {isa = PBXFileReference; lastKnownFileType = text; path = CMakeLists.txt; sourceTree = "<group>"; };
		66A262672A9EB17C00A8DCE8 /* GuardianEye */ = {isa = PBXFileReference; explicitFileType = "compiled.mach-o.executable"; includeInIndex = 0; path = GuardianEye; sourceTree = BUILT_PRODUCTS_DIR; };
		66A2626A2A9EB17C00A8DCE8 /* main.cpp */ = {isa = PBXFileReference; lastKnownFileType = sourcecode.cpp.cpp; path = main.cpp; sourceTree = "<group>"; };
		66A262722A9F5CC100A8DCE8 /* ProtocolScanner.cpp */ = {isa = PBXFileReference; lastKnownFileType = sourcecode.cpp.cpp; path = ProtocolScanner.cpp; sourceTree = "<group>"; };
		66A262732A9F5CC100A8DCE8 /* ProtocolScanner.hpp */ = {isa = PBXFileReference; lastKnownFileType = sourcecode.cpp.h; path = ProtocolScanner.hpp; sourceTree = "<group>"; };
		66A262752A9F5D7B00A8DCE8 /* VulnerabilityAnalyzer.cpp */ = {isa = PBXFileReference; lastKnownFileType = sourcecode.cpp.cpp; path = VulnerabilityAnalyzer.cpp; sourceTree = "<group>"; };
		66A262762A9F5D7B00A8DCE8 /* VulnerabilityAnalyzer.hpp */ = {isa = PBXFileReference; lastKnownFileType = sourcecode.cpp.h; path = VulnerabilityAnalyzer.hpp; sourceTree = "<group>"; };
		66A2627C2A9F9D5200A8DCE8 /* AutomaticScanScheduler.cpp */ = {isa = PBXFileReference; lastKnownFileType = sourcecode.cpp.cpp; path = AutomaticScanScheduler.cpp; sourceTree = "<group>"; };
		66A2627D2A9F9D5200A8DCE8 /* AutomaticScanScheduler.hpp */ = {isa = PBXFileReference; lastKnownFileType = sourcecode.cpp.h; path = AutomaticScanScheduler.hpp; sourceTree = "<group>"; };
/* End PBXFileReference section */

/* Begin PBXFrameworksBuildPhase section */
		66A262642A9EB17C00A8DCE8 /* Frameworks */ = {
			isa = PBXFrameworksBuildPhase;
			buildActionMask = 2147483647;
			files = (
			);
			runOnlyForDeploymentPostprocessing = 0;
		};
/* End PBXFrameworksBuildPhase section */

/* Begin PBXGroup section */
		66A2625E2A9EB17C00A8DCE8 = {
			isa = PBXGroup;
			children = (
				66A262692A9EB17C00A8DCE8 /* GuardianEye */,
				66A262682A9EB17C00A8DCE8 /* Products */,
			);
			sourceTree = "<group>";
		};
		66A262682A9EB17C00A8DCE8 /* Products */ = {
			isa = PBXGroup;
			children = (
				66A262672A9EB17C00A8DCE8 /* GuardianEye */,
			);
			name = Products;
			sourceTree = "<group>";
		};
		66A262692A9EB17C00A8DCE8 /* GuardianEye */ = {
			isa = PBXGroup;
			children = (
				66A2626A2A9EB17C00A8DCE8 /* main.cpp */,
				66A262722A9F5CC100A8DCE8 /* ProtocolScanner.cpp */,
				66A262732A9F5CC100A8DCE8 /* ProtocolScanner.hpp */,
				66A262752A9F5D7B00A8DCE8 /* VulnerabilityAnalyzer.cpp */,
				66A262762A9F5D7B00A8DCE8 /* VulnerabilityAnalyzer.hpp */,
				66A2627C2A9F9D5200A8DCE8 /* AutomaticScanScheduler.cpp */,
				66A2627D2A9F9D5200A8DCE8 /* AutomaticScanScheduler.hpp */,
				662DB16B2A9FFBB7000BA7B5 /* CustomValidator.cpp */,
				662DB16C2A9FFBB7000BA7B5 /* CustomValidator.hpp */,
				662DB16E2A9FFE5F000BA7B5 /* ArgumentSetBuilder.cpp */,
				662DB16F2A9FFE5F000BA7B5 /* ArgumentSetBuilder.hpp */,
				662DB1712AA0B800000BA7B5 /* CMakeLists.txt */,
			);
			path = GuardianEye;
			sourceTree = "<group>";
		};
/* End PBXGroup section */

/* Begin PBXNativeTarget section */
		66A262662A9EB17C00A8DCE8 /* GuardianEye */ = {
			isa = PBXNativeTarget;
			buildConfigurationList = 66A2626E2A9EB17C00A8DCE8 /* Build configuration list for PBXNativeTarget "GuardianEye" */;
			buildPhases = (
				66A262632A9EB17C00A8DCE8 /* Sources */,
				66A262642A9EB17C00A8DCE8 /* Frameworks */,
				66A262652A9EB17C00A8DCE8 /* CopyFiles */,
			);
			buildRules = (
			);
			dependencies = (
			);
			name = GuardianEye;
			productName = GuardianEye;
			productReference = 66A262672A9EB17C00A8DCE8 /* GuardianEye */;
			productType = "com.apple.product-type.tool";
		};
/* End PBXNativeTarget section */

/* Begin PBXProject section */
		66A2625F2A9EB17C00A8DCE8 /* Project object */ = {
			isa = PBXProject;
			attributes = {
				BuildIndependentTargetsInParallel = 1;
				LastUpgradeCheck = 1430;
				TargetAttributes = {
					66A262662A9EB17C00A8DCE8 = {
						CreatedOnToolsVersion = 14.3.1;
					};
				};
			};
			buildConfigurationList = 66A262622A9EB17C00A8DCE8 /* Build configuration list for PBXProject "GuardianEye" */;
			compatibilityVersion = "Xcode 14.0";
			developmentRegion = en;
			hasScannedForEncodings = 0;
			knownRegions = (
				en,
				Base,
			);
			mainGroup = 66A2625E2A9EB17C00A8DCE8;
			packageReferences = (
				66A2627F2A9FDAAC00A8DCE8 /* XCRemoteSwiftPackageReference "json" */,
			);
			productRefGroup = 66A262682A9EB17C00A8DCE8 /* Products */;
			projectDirPath = "";
			projectRoot = "";
			targets = (
				66A262662A9EB17C00A8DCE8 /* GuardianEye */,
			);
		};
/* End PBXProject section */

/* Begin PBXSourcesBuildPhase section */
		66A262632A9EB17C00A8DCE8 /* Sources */ = {
			isa = PBXSourcesBuildPhase;
			buildActionMask = 2147483647;
			files = (
				662DB16D2A9FFBB7000BA7B5 /* CustomValidator.cpp in Sources */,
				662DB1702A9FFE5F000BA7B5 /* ArgumentSetBuilder.cpp in Sources */,
				66A262742A9F5CC100A8DCE8 /* ProtocolScanner.cpp in Sources */,
				66A262772A9F5D7B00A8DCE8 /* VulnerabilityAnalyzer.cpp in Sources */,
				66A2627E2A9F9D5200A8DCE8 /* AutomaticScanScheduler.cpp in Sources */,
				66A2626B2A9EB17C00A8DCE8 /* main.cpp in Sources */,
			);
			runOnlyForDeploymentPostprocessing = 0;
		};
/* End PBXSourcesBuildPhase section */

/* Begin XCBuildConfiguration section */
		66A2626C2A9EB17C00A8DCE8 /* Debug */ = {
			isa = XCBuildConfiguration;
			buildSettings = {
				ALWAYS_SEARCH_USER_PATHS = NO;
				CLANG_ANALYZER_NONNULL = YES;
				CLANG_ANALYZER_NUMBER_OBJECT_CONVERSION = YES_AGGRESSIVE;
				CLANG_CXX_LANGUAGE_STANDARD = "gnu++20";
				CLANG_ENABLE_MODULES = YES;
				CLANG_ENABLE_OBJC_ARC = YES;
				CLANG_ENABLE_OBJC_WEAK = YES;
				CLANG_WARN_BLOCK_CAPTURE_AUTORELEASING = YES;
				CLANG_WARN_BOOL_CONVERSION = YES;
				CLANG_WARN_COMMA = YES;
				CLANG_WARN_CONSTANT_CONVERSION = YES;
				CLANG_WARN_DEPRECATED_OBJC_IMPLEMENTATIONS = YES;
				CLANG_WARN_DIRECT_OBJC_ISA_USAGE = YES_ERROR;
				CLANG_WARN_DOCUMENTATION_COMMENTS = YES;
				CLANG_WARN_EMPTY_BODY = YES;
				CLANG_WARN_ENUM_CONVERSION = YES;
				CLANG_WARN_INFINITE_RECURSION = YES;
				CLANG_WARN_INT_CONVERSION = YES;
				CLANG_WARN_NON_LITERAL_NULL_CONVERSION = YES;
				CLANG_WARN_OBJC_IMPLICIT_RETAIN_SELF = YES;
				CLANG_WARN_OBJC_LITERAL_CONVERSION = YES;
				CLANG_WARN_OBJC_ROOT_CLASS = YES_ERROR;
				CLANG_WARN_QUOTED_INCLUDE_IN_FRAMEWORK_HEADER = YES;
				CLANG_WARN_RANGE_LOOP_ANALYSIS = YES;
				CLANG_WARN_STRICT_PROTOTYPES = YES;
				CLANG_WARN_SUSPICIOUS_MOVE = YES;
				CLANG_WARN_UNGUARDED_AVAILABILITY = YES_AGGRESSIVE;
				CLANG_WARN_UNREACHABLE_CODE = YES;
				CLANG_WARN__DUPLICATE_METHOD_MATCH = YES;
				COPY_PHASE_STRIP = NO;
				DEBUG_INFORMATION_FORMAT = dwarf;
				ENABLE_STRICT_OBJC_MSGSEND = YES;
				ENABLE_TESTABILITY = YES;
				GCC_C_LANGUAGE_STANDARD = gnu11;
				GCC_DYNAMIC_NO_PIC = NO;
				GCC_NO_COMMON_BLOCKS = YES;
				GCC_OPTIMIZATION_LEVEL = 0;
				GCC_PREPROCESSOR_DEFINITIONS = (
					"DEBUG=1",
					"$(inherited)",
				);
				GCC_WARN_64_TO_32_BIT_CONVERSION = YES;
				GCC_WARN_ABOUT_RETURN_TYPE = YES_ERROR;
				GCC_WARN_UNDECLARED_SELECTOR = YES;
				GCC_WARN_UNINITIALIZED_AUTOS = YES_AGGRESSIVE;
				GCC_WARN_UNUSED_FUNCTION = YES;
				GCC_WARN_UNUSED_VARIABLE = YES;
				MACOSX_DEPLOYMENT_TARGET = 13.1;
				MTL_ENABLE_DEBUG_INFO = INCLUDE_SOURCE;
				MTL_FAST_MATH = YES;
				ONLY_ACTIVE_ARCH = YES;
				SDKROOT = macosx;
			};
			name = Debug;
		};
		66A2626D2A9EB17C00A8DCE8 /* Release */ = {
			isa = XCBuildConfiguration;
			buildSettings = {
				ALWAYS_SEARCH_USER_PATHS = NO;
				CLANG_ANALYZER_NONNULL = YES;
				CLANG_ANALYZER_NUMBER_OBJECT_CONVERSION = YES_AGGRESSIVE;
				CLANG_CXX_LANGUAGE_STANDARD = "gnu++20";
				CLANG_ENABLE_MODULES = YES;
				CLANG_ENABLE_OBJC_ARC = YES;
				CLANG_ENABLE_OBJC_WEAK = YES;
				CLANG_WARN_BLOCK_CAPTURE_AUTORELEASING = YES;
				CLANG_WARN_BOOL_CONVERSION = YES;
				CLANG_WARN_COMMA = YES;
				CLANG_WARN_CONSTANT_CONVERSION = YES;
				CLANG_WARN_DEPRECATED_OBJC_IMPLEMENTATIONS = YES;
				CLANG_WARN_DIRECT_OBJC_ISA_USAGE = YES_ERROR;
				CLANG_WARN_DOCUMENTATION_COMMENTS = YES;
				CLANG_WARN_EMPTY_BODY = YES;
				CLANG_WARN_ENUM_CONVERSION = YES;
				CLANG_WARN_INFINITE_RECURSION = YES;
				CLANG_WARN_INT_CONVERSION = YES;
				CLANG_WARN_NON_LITERAL_NULL_CONVERSION = YES;
				CLANG_WARN_OBJC_IMPLICIT_RETAIN_SELF = YES;
				CLANG_WARN_OBJC_LITERAL_CONVERSION = YES;
				CLANG_WARN_OBJC_ROOT_CLASS = YES_ERROR;
				CLANG_WARN_QUOTED_INCLUDE_IN_FRAMEWORK_HEADER = YES;
				CLANG_WARN_RANGE_LOOP_ANALYSIS = YES;
				CLANG_WARN_STRICT_PROTOTYPES = YES;
				CLANG_WARN_SUSPICIOUS_MOVE = YES;
				CLANG_WARN_UNGUARDED_AVAILABILITY = YES_AGGRESSIVE;
				CLANG_WARN_UNREACHABLE_CODE = YES;
				CLANG_WARN__DUPLICATE_METHOD_MATCH = YES;
				COPY_PHASE_STRIP = NO;
				DEBUG_INFORMATION_FORMAT = "dwarf-with-dsym";
				ENABLE_NS_ASSERTIONS = NO;
				ENABLE_STRICT_OBJC_MSGSEND = YES;
				GCC_C_LANGUAGE_STANDARD = gnu11;
				GCC_NO_COMMON_BLOCKS = YES;
				GCC_WARN_64_TO_32_BIT_CONVERSION = YES;
				GCC_WARN_ABOUT_RETURN_TYPE = YES_ERROR;
				GCC_WARN_UNDECLARED_SELECTOR = YES;
				GCC_WARN_UNINITIALIZED_AUTOS = YES_AGGRESSIVE;
				GCC_WARN_UNUSED_FUNCTION = YES;
				GCC_WARN_UNUSED_VARIABLE = YES;
				MACOSX_DEPLOYMENT_TARGET = 13.1;
				MTL_ENABLE_DEBUG_INFO = NO;
				MTL_FAST_MATH = YES;
				SDKROOT = macosx;
			};
			name = Release;
		};
		66A2626F2A9EB17C00A8DCE8 /* Debug */ = {
			isa = XCBuildConfiguration;
			buildSettings = {
				CODE_SIGN_STYLE = Automatic;
				PRODUCT_NAME = "$(TARGET_NAME)";
			};
			name = Debug;
		};
		66A262702A9EB17C00A8DCE8 /* Release */ = {
			isa = XCBuildConfiguration;
			buildSettings = {
				CODE_SIGN_STYLE = Automatic;
				PRODUCT_NAME = "$(TARGET_NAME)";
			};
			name = Release;
		};
/* End XCBuildConfiguration section */

/* Begin XCConfigurationList section */
		66A262622A9EB17C00A8DCE8 /* Build configuration list for PBXProject "GuardianEye" */ = {
			isa = XCConfigurationList;
			buildConfigurations = (
				66A2626C2A9EB17C00A8DCE8 /* Debug */,
				66A2626D2A9EB17C00A8DCE8 /* Release */,
			);
			defaultConfigurationIsVisible = 0;
			defaultConfigurationName = Release;
		};
		66A2626E2A9EB17C00A8DCE8 /* Build configuration list for PBXNativeTarget "GuardianEye" */ = {
			isa = XCConfigurationList;
			buildConfigurations = (
				66A2626F2A9EB17C00A8DCE8 /* Debug */,
				66A262702A9EB17C00A8DCE8 /* Release */,
			);
			defaultConfigurationIsVisible = 0;
			defaultConfigurationName = Release;
		};
/* End XCConfigurationList section */

/* Begin XCRemoteSwiftPackageReference section */
		66A2627F2A9FDAAC00A8DCE8 /* XCRemoteSwiftPackageReference "json" */ = {
			isa = XCRemoteSwiftPackageReference;
			repositoryURL = "https://github.com/nlohmann/json";
			requirement = {
				kind = upToNextMajorVersion;
				minimumVersion = 3.0.0;
			};
		};
/* End XCRemoteSwiftPackageReference section */
	};
	rootObject = 66A2625F2A9EB17C00A8DCE8 /* Project object */;
}
